
Microsoft Visual Studio Solution File, Format Version 12.00
# Visual Studio 15
VisualStudioVersion = 15.0.26430.12
MinimumVisualStudioVersion = 10.0.40219.1
Project("{FAE04EC0-301F-11D3-BF4B-00C04F79EFBC}") = "VShop.Model", "VShop.Model\VShop.Model.csproj", "{BE291CB1-CE16-4E12-8C37-42CE64999AFE}"
EndProject
Project("{FAE04EC0-301F-11D3-BF4B-00C04F79EFBC}") = "VShop.Data", "VShop.Data\VShop.Data.csproj", "{04B7F5FB-2146-4730-BEE7-907E750B4F5F}"
EndProject
Project("{FAE04EC0-301F-11D3-BF4B-00C04F79EFBC}") = "VShop.Repository", "VShop.Repository\VShop.Repository.csproj", "{DB2E52B1-3C25-4048-A477-3E294A92262D}"
EndProject
Project("{FAE04EC0-301F-11D3-BF4B-00C04F79EFBC}") = "VShop.Service", "VShop.Service\VShop.Service.csproj", "{9E7E195D-B515-4C36-812E-97B64BD7695F}"
EndProject
Project("{FAE04EC0-301F-11D3-BF4B-00C04F79EFBC}") = "VShop.Common", "VShop.Common\VShop.Common.csproj", "{A41EB472-9BBA-4EB1-91C2-0EC0EF75C5CD}"
EndProject
Project("{2150E333-8FDC-42A3-9474-1A3956D46DE8}") = "2. Data", "2. Data", "{9F1AA63C-50F8-459D-B8E0-19B3E9B8E8AB}"
EndProject
Project("{2150E333-8FDC-42A3-9474-1A3956D46DE8}") = "3. Bus", "3. Bus", "{B42EED69-241A-43E1-A095-A76299AE90F2}"
EndProject
Project("{2150E333-8FDC-42A3-9474-1A3956D46DE8}") = "4. App", "4. App", "{9367F00E-8242-4286-8EB9-DBCEAACCB640}"
EndProject
Project("{2150E333-8FDC-42A3-9474-1A3956D46DE8}") = "6. Testing", "6. Testing", "{C923EDAD-6F6C-4FD5-9AA4-4B17240BC7F9}"
EndProject
Project("{2150E333-8FDC-42A3-9474-1A3956D46DE8}") = "5. Common", "5. Common", "{45A1DBA7-8AD8-4631-94CE-AAD200A7C362}"
EndProject
Project("{FAE04EC0-301F-11D3-BF4B-00C04F79EFBC}") = "VShop.UnitTest", "VShop.UnitTest\VShop.UnitTest.csproj", "{23EB2786-7A07-4D8F-A1F1-43D8A4FBF7C1}"
EndProject
Project("{FAE04EC0-301F-11D3-BF4B-00C04F79EFBC}") = "VShop.Web", "VShop.Web\VShop.Web.csproj", "{0CB166C4-C35B-4AA9-9BCF-2B1BDC440298}"
EndProject
Project("{FAE04EC0-301F-11D3-BF4B-00C04F79EFBC}") = "VShop.Mapping", "VShop.Mapping\VShop.Mapping.csproj", "{FF1753B3-EE4A-434D-A15A-7A8933723265}"
EndProject
Project("{2150E333-8FDC-42A3-9474-1A3956D46DE8}") = "1. Model", "1. Model", "{A734E863-9414-45CC-8075-EE0A4FF47658}"
EndProject
Global
	GlobalSection(SolutionConfigurationPlatforms) = preSolution
		Debug|Any CPU = Debug|Any CPU
		Release|Any CPU = Release|Any CPU
	EndGlobalSection
	GlobalSection(ProjectConfigurationPlatforms) = postSolution
		{BE291CB1-CE16-4E12-8C37-42CE64999AFE}.Debug|Any CPU.ActiveCfg = Debug|Any CPU
		{BE291CB1-CE16-4E12-8C37-42CE64999AFE}.Debug|Any CPU.Build.0 = Debug|Any CPU
		{BE291CB1-CE16-4E12-8C37-42CE64999AFE}.Release|Any CPU.ActiveCfg = Release|Any CPU
		{BE291CB1-CE16-4E12-8C37-42CE64999AFE}.Release|Any CPU.Build.0 = Release|Any CPU
		{04B7F5FB-2146-4730-BEE7-907E750B4F5F}.Debug|Any CPU.ActiveCfg = Debug|Any CPU
		{04B7F5FB-2146-4730-BEE7-907E750B4F5F}.Debug|Any CPU.Build.0 = Debug|Any CPU
		{04B7F5FB-2146-4730-BEE7-907E750B4F5F}.Release|Any CPU.ActiveCfg = Release|Any CPU
		{04B7F5FB-2146-4730-BEE7-907E750B4F5F}.Release|Any CPU.Build.0 = Release|Any CPU
		{DB2E52B1-3C25-4048-A477-3E294A92262D}.Debug|Any CPU.ActiveCfg = Debug|Any CPU
		{DB2E52B1-3C25-4048-A477-3E294A92262D}.Debug|Any CPU.Build.0 = Debug|Any CPU
		{DB2E52B1-3C25-4048-A477-3E294A92262D}.Release|Any CPU.ActiveCfg = Release|Any CPU
		{DB2E52B1-3C25-4048-A477-3E294A92262D}.Release|Any CPU.Build.0 = Release|Any CPU
		{9E7E195D-B515-4C36-812E-97B64BD7695F}.Debug|Any CPU.ActiveCfg = Debug|Any CPU
		{9E7E195D-B515-4C36-812E-97B64BD7695F}.Debug|Any CPU.Build.0 = Debug|Any CPU
		{9E7E195D-B515-4C36-812E-97B64BD7695F}.Release|Any CPU.ActiveCfg = Release|Any CPU
		{9E7E195D-B515-4C36-812E-97B64BD7695F}.Release|Any CPU.Build.0 = Release|Any CPU
		{A41EB472-9BBA-4EB1-91C2-0EC0EF75C5CD}.Debug|Any CPU.ActiveCfg = Debug|Any CPU
		{A41EB472-9BBA-4EB1-91C2-0EC0EF75C5CD}.Debug|Any CPU.Build.0 = Debug|Any CPU
		{A41EB472-9BBA-4EB1-91C2-0EC0EF75C5CD}.Release|Any CPU.ActiveCfg = Release|Any CPU
		{A41EB472-9BBA-4EB1-91C2-0EC0EF75C5CD}.Release|Any CPU.Build.0 = Release|Any CPU
		{23EB2786-7A07-4D8F-A1F1-43D8A4FBF7C1}.Debug|Any CPU.ActiveCfg = Debug|Any CPU
		{23EB2786-7A07-4D8F-A1F1-43D8A4FBF7C1}.Debug|Any CPU.Build.0 = Debug|Any CPU
		{23EB2786-7A07-4D8F-A1F1-43D8A4FBF7C1}.Release|Any CPU.ActiveCfg = Release|Any CPU
		{23EB2786-7A07-4D8F-A1F1-43D8A4FBF7C1}.Release|Any CPU.Build.0 = Release|Any CPU
		{0CB166C4-C35B-4AA9-9BCF-2B1BDC440298}.Debug|Any CPU.ActiveCfg = Debug|Any CPU
		{0CB166C4-C35B-4AA9-9BCF-2B1BDC440298}.Debug|Any CPU.Build.0 = Debug|Any CPU
		{0CB166C4-C35B-4AA9-9BCF-2B1BDC440298}.Release|Any CPU.ActiveCfg = Release|Any CPU
		{0CB166C4-C35B-4AA9-9BCF-2B1BDC440298}.Release|Any CPU.Build.0 = Release|Any CPU
		{FF1753B3-EE4A-434D-A15A-7A8933723265}.Debug|Any CPU.ActiveCfg = Debug|Any CPU
		{FF1753B3-EE4A-434D-A15A-7A8933723265}.Debug|Any CPU.Build.0 = Debug|Any CPU
		{FF1753B3-EE4A-434D-A15A-7A8933723265}.Release|Any CPU.ActiveCfg = Release|Any CPU
		{FF1753B3-EE4A-434D-A15A-7A8933723265}.Release|Any CPU.Build.0 = Release|Any CPU
	EndGlobalSection
	GlobalSection(SolutionProperties) = preSolution
		HideSolutionNode = FALSE
	EndGlobalSection
	GlobalSection(NestedProjects) = preSolution
		{BE291CB1-CE16-4E12-8C37-42CE64999AFE} = {A734E863-9414-45CC-8075-EE0A4FF47658}
		{04B7F5FB-2146-4730-BEE7-907E750B4F5F} = {9F1AA63C-50F8-459D-B8E0-19B3E9B8E8AB}
		{DB2E52B1-3C25-4048-A477-3E294A92262D} = {B42EED69-241A-43E1-A095-A76299AE90F2}
		{9E7E195D-B515-4C36-812E-97B64BD7695F} = {B42EED69-241A-43E1-A095-A76299AE90F2}
		{A41EB472-9BBA-4EB1-91C2-0EC0EF75C5CD} = {45A1DBA7-8AD8-4631-94CE-AAD200A7C362}
		{23EB2786-7A07-4D8F-A1F1-43D8A4FBF7C1} = {C923EDAD-6F6C-4FD5-9AA4-4B17240BC7F9}
		{0CB166C4-C35B-4AA9-9BCF-2B1BDC440298} = {9367F00E-8242-4286-8EB9-DBCEAACCB640}
		{FF1753B3-EE4A-434D-A15A-7A8933723265} = {A734E863-9414-45CC-8075-EE0A4FF47658}
	EndGlobalSection
EndGlobal
